{
    "_readme": [
        "This file locks the dependencies of your project to a known state",
        "Read more about it at https://getcomposer.org/doc/01-basic-usage.md#installing-dependencies",
        "This file is @generated automatically"
    ],
    "content-hash": "3ae34b19ff13cf03de8890dd874e2261",
    "packages": [
        {
            "name": "easyswoole/memcache",
            "version": "dev-master",
            "source": {
                "type": "git",
                "url": "https://github.com/easy-swoole/memcache.git",
                "reference": "f3827a7d55e2ab043f5dc1429a4c26578754bd19"
            },
            "dist": {
                "type": "zip",
                "url": "https://api.github.com/repos/easy-swoole/memcache/zipball/f3827a7d55e2ab043f5dc1429a4c26578754bd19",
                "reference": "f3827a7d55e2ab043f5dc1429a4c26578754bd19",
                "shasum": ""
            },
            "require": {
                "easyswoole/spl": "^1.1"
            },
            "require-dev": {
                "easyswoole/phpunit": ">=1.0.0",
                "easyswoole/swoole-ide-helper": "^1.1"
            },
            "default-branch": true,
            "type": "library",
            "autoload": {
                "psr-4": {
                    "EasySwoole\\Memcache\\": "src/",
                    "EasySwoole\\Memcache\\Tests\\": "tests/"
                }
            },
            "notification-url": "https://packagist.org/downloads/",
            "license": [
                "Apache-2.0"
            ],
            "description": "Coroutine version of Memcache client",
            "support": {
                "issues": "https://github.com/easy-swoole/memcache/issues",
                "source": "https://github.com/easy-swoole/memcache/tree/1.0.1"
            },
            "time": "2020-06-06T11:45:08+00:00"
        },
        {
            "name": "easyswoole/spl",
            "version": "1.3.10",
            "source": {
                "type": "git",
                "url": "https://github.com/easy-swoole/spl.git",
                "reference": "ecbf9ac61b729e2c9b32e64998c57a78eec76f82"
            },
            "dist": {
                "type": "zip",
                "url": "https://api.github.com/repos/easy-swoole/spl/zipball/ecbf9ac61b729e2c9b32e64998c57a78eec76f82",
                "reference": "ecbf9ac61b729e2c9b32e64998c57a78eec76f82",
                "shasum": ""
            },
            "require": {
                "ext-json": "*",
                "php": ">=7.1.0"
            },
            "require-dev": {
                "easyswoole/phpunit": "^1.0",
                "easyswoole/swoole-ide-helper": "^1.0"
            },
            "type": "library",
            "autoload": {
                "psr-4": {
                    "EasySwoole\\Spl\\": "src/",
                    "EasySwoole\\Spl\\Test\\": "test/"
                }
            },
            "notification-url": "https://packagist.org/downloads/",
            "license": [
                "Apache-2.0"
            ],
            "authors": [
                {
                    "name": "YF",
                    "email": "291323003@qq.com"
                }
            ],
            "description": "php stander lib",
            "homepage": "https://www.easyswoole.com/",
            "keywords": [
                "async",
                "easyswoole",
                "framework",
                "swoole"
            ],
            "support": {
                "issues": "https://github.com/easy-swoole/spl/issues",
                "source": "https://github.com/easy-swoole/spl/tree/1.3.10"
            },
            "time": "2021-01-19T12:08:25+00:00"
        },
        {
            "name": "motan/motan-php",
            "version": "v1.1.6",
            "source": {
                "type": "git",
                "url": "https://github.com/weibocom/motan-php.git",
                "reference": "fa5fcd9f89b01a94048a93a82bc67bc1aa2f6b9a"
            },
            "dist": {
                "type": "zip",
                "url": "https://api.github.com/repos/weibocom/motan-php/zipball/fa5fcd9f89b01a94048a93a82bc67bc1aa2f6b9a",
                "reference": "fa5fcd9f89b01a94048a93a82bc67bc1aa2f6b9a",
                "shasum": ""
            },
            "require": {
                "wei-breeze/breeze": "dev-release-v0.1.0"
            },
            "require-dev": {
                "phpunit/phpunit": "5.7"
            },
            "bin": [
                "weibo-protoc-gen-php.php"
            ],
            "type": "library",
            "autoload": {
                "psr-4": {
                    "Motan\\": "src/Motan/"
                }
            },
            "description": "Motan For PHP",
            "support": {
                "source": "https://github.com/weibocom/motan-php/tree/v1.1.6",
                "issues": "https://github.com/weibocom/motan-php/issues"
            },
            "time": "2020-05-12T06:05:22+00:00"
        },
        {
            "name": "wei-breeze/breeze",
            "version": "dev-release-v0.1.0",
            "source": {
                "type": "git",
                "url": "https://github.com/weibreeze/breeze-php.git",
                "reference": "1a1ca1edbbaca9f0825d72fac2c7ed0395367bc7"
            },
            "dist": {
                "type": "zip",
                "url": "https://api.github.com/repos/weibreeze/breeze-php/zipball/1a1ca1edbbaca9f0825d72fac2c7ed0395367bc7",
                "reference": "1a1ca1edbbaca9f0825d72fac2c7ed0395367bc7",
                "shasum": ""
            },
            "require": {
                "ext-bcmath": "*",
                "php": ">=5.6.0"
            },
            "require-dev": {
                "phpunit/phpunit": ">=4.0.0"
            },
            "suggest": {
                "ext-bcmath": "Need to varint serialize"
            },
            "type": "library",
            "autoload": {
                "psr-4": {
                    "Breeze\\": "src/Breeze"
                }
            },
            "notification-url": "https://packagist.org/downloads/",
            "license": [
                "Apache-2.0"
            ],
            "description": "cross-language serialization for PHP",
            "homepage": "https://github.com/weibreeze/breeze-php",
            "keywords": [
                "multi-language",
                "serialize"
            ],
            "support": {
                "issues": "https://github.com/weibreeze/breeze-php/issues",
                "source": "https://github.com/weibreeze/breeze-php/tree/v0.1.0"
            },
            "time": "2019-08-14T07:19:39+00:00"
        }
    ],
    "packages-dev": [],
    "aliases": [],
    "minimum-stability": "dev",
    "stability-flags": {
        "easyswoole/memcache": 20
    },
    "prefer-stable": false,
    "prefer-lowest": false,
    "platform": [],
    "platform-dev": [],
    "plugin-api-version": "2.0.0"
}
